schema: '2.0'
stages:
  stage_01:
    cmd: python stage01.py
    deps:
    - path: stage01.py
      hash: md5
      md5: e3ca5b2387a578d7ece081168de08a1a
      size: 95
    outs:
    - path: artifact.txt
      hash: md5
      md5: ee9bedf1d1aea39b7c7119cc9d7eb115
      size: 37
  stage_02:
    cmd: python stage02.py
    deps:
    - path: artifact.txt
      hash: md5
      md5: ee9bedf1d1aea39b7c7119cc9d7eb115
      size: 37
    - path: stage02.py
      hash: md5
      md5: e0215f54c220594c8ed112c0ed7c63d2
      size: 136
  stage_03:
    cmd: python stage03.py
    deps:
    - path: artifact.txt
      hash: md5
      md5: b42d4fb6c06a769179aa23d52539a91f
      size: 58
    - path: stage03.py
      hash: md5
      md5: 02492b51910f48422bbe2a4515954a79
      size: 203
